// !$*UTF8*$!
{
	archiveVersion = 1;
	classes = {
	};
	objectVersion = 46;
	objects = {

/* Begin PBXBuildFile section */
		C4FB7F771A5E39320054B45C /* main.m in Sources */ = {isa = PBXBuildFile; fileRef = C4FB7F761A5E39320054B45C /* main.m */; };
		C4FB7F7A1A5E39320054B45C /* AppDelegate.m in Sources */ = {isa = PBXBuildFile; fileRef = C4FB7F791A5E39320054B45C /* AppDelegate.m */; };
		C4FB7F7D1A5E39320054B45C /* ViewController.m in Sources */ = {isa = PBXBuildFile; fileRef = C4FB7F7C1A5E39320054B45C /* ViewController.m */; };
		C4FB7F801A5E39320054B45C /* Main.storyboard in Resources */ = {isa = PBXBuildFile; fileRef = C4FB7F7E1A5E39320054B45C /* Main.storyboard */; };
		C4FB7F821A5E39320054B45C /* Images.xcassets in Resources */ = {isa = PBXBuildFile; fileRef = C4FB7F811A5E39320054B45C /* Images.xcassets */; };
		C4FB7F851A5E39320054B45C /* LaunchScreen.xib in Resources */ = {isa = PBXBuildFile; fileRef = C4FB7F831A5E39320054B45C /* LaunchScreen.xib */; };
		C4FB7F911A5E39320054B45C /* StudentAlarmClockTests.m in Sources */ = {isa = PBXBuildFile; fileRef = C4FB7F901A5E39320054B45C /* StudentAlarmClockTests.m */; };
/* End PBXBuildFile section */

/* Begin PBXContainerItemProxy section */
		C4FB7F8B1A5E39320054B45C /* PBXContainerItemProxy */ = {
			isa = PBXContainerItemProxy;
			containerPortal = C4FB7F691A5E39310054B45C /* Project object */;
			proxyType = 1;
			remoteGlobalIDString = C4FB7F701A5E39320054B45C;
			remoteInfo = StudentAlarmClock;
		};
/* End PBXContainerItemProxy section */

/* Begin PBXFileReference section */
		C4FB7F711A5E39320054B45C /* StudentAlarmClock.app */ = {isa = PBXFileReference; explicitFileType = wrapper.application; includeInIndex = 0; path = StudentAlarmClock.app; sourceTree = BUILT_PRODUCTS_DIR; };
		C4FB7F751A5E39320054B45C /* Info.plist */ = {isa = PBXFileReference; lastKnownFileType = text.plist.xml; path = Info.plist; sourceTree = "<group>"; };
		C4FB7F761A5E39320054B45C /* main.m */ = {isa = PBXFileReference; lastKnownFileType = sourcecode.c.objc; path = main.m; sourceTree = "<group>"; };
		C4FB7F781A5E39320054B45C /* AppDelegate.h */ = {isa = PBXFileReference; lastKnownFileType = sourcecode.c.h; path = AppDelegate.h; sourceTree = "<group>"; };
		C4FB7F791A5E39320054B45C /* AppDelegate.m */ = {isa = PBXFileReference; lastKnownFileType = sourcecode.c.objc; path = AppDelegate.m; sourceTree = "<group>"; };
		C4FB7F7B1A5E39320054B45C /* ViewController.h */ = {isa = PBXFileReference; lastKnownFileType = sourcecode.c.h; path = ViewController.h; sourceTree = "<group>"; };
		C4FB7F7C1A5E39320054B45C /* ViewController.m */ = {isa = PBXFileReference; lastKnownFileType = sourcecode.c.objc; path = ViewController.m; sourceTree = "<group>"; };
		C4FB7F7F1A5E39320054B45C /* Base */ = {isa = PBXFileReference; lastKnownFileType = file.storyboard; name = Base; path = Base.lproj/Main.storyboard; sourceTree = "<group>"; };
		C4FB7F811A5E39320054B45C /* Images.xcassets */ = {isa = PBXFileReference; lastKnownFileType = folder.assetcatalog; path = Images.xcassets; sourceTree = "<group>"; };
		C4FB7F841A5E39320054B45C /* Base */ = {isa = PBXFileReference; lastKnownFileType = file.xib; name = Base; path = Base.lproj/LaunchScreen.xib; sourceTree = "<group>"; };
		C4FB7F8A1A5E39320054B45C /* StudentAlarmClockTests.xctest */ = {isa = PBXFileReference; explicitFileType = wrapper.cfbundle; includeInIndex = 0; path = StudentAlarmClockTests.xctest; sourceTree = BUILT_PRODUCTS_DIR; };
		C4FB7F8F1A5E39320054B45C /* Info.plist */ = {isa = PBXFileReference; lastKnownFileType = text.plist.xml; path = Info.plist; sourceTree = "<group>"; };
		C4FB7F901A5E39320054B45C /* StudentAlarmClockTests.m */ = {isa = PBXFileReference; lastKnownFileType = sourcecode.c.objc; path = StudentAlarmClockTests.m; sourceTree = "<group>"; };
/* End PBXFileReference section */

/* Begin PBXFrameworksBuildPhase section */
		C4FB7F6E1A5E39320054B45C /* Frameworks */ = {
			isa = PBXFrameworksBuildPhase;
			buildActionMask = 2147483647;
			files = (
			);
			runOnlyForDeploymentPostprocessing = 0;
		};
		C4FB7F871A5E39320054B45C /* Frameworks */ = {
			isa = PBXFrameworksBuildPhase;
			buildActionMask = 2147483647;
			files = (
			);
			runOnlyForDeploymentPostprocessing = 0;
		};
/* End PBXFrameworksBuildPhase section */

/* Begin PBXGroup section */
		C4FB7F681A5E39310054B45C = {
			isa = PBXGroup;
			children = (
				C4FB7F731A5E39320054B45C /* StudentAlarmClock */,
				C4FB7F8D1A5E39320054B45C /* StudentAlarmClockTests */,
				C4FB7F721A5E39320054B45C /* Products */,
			);
			sourceTree = "<group>";
		};
		C4FB7F721A5E39320054B45C /* Products */ = {
			isa = PBXGroup;
			children = (
				C4FB7F711A5E39320054B45C /* StudentAlarmClock.app */,
				C4FB7F8A1A5E39320054B45C /* StudentAlarmClockTests.xctest */,
			);
			name = Products;
			sourceTree = "<group>";
		};
		C4FB7F731A5E39320054B45C /* StudentAlarmClock */ = {
			isa = PBXGroup;
			children = (
				C4FB7F781A5E39320054B45C /* AppDelegate.h */,
				C4FB7F791A5E39320054B45C /* AppDelegate.m */,
				C4FB7F7B1A5E39320054B45C /* ViewController.h */,
				C4FB7F7C1A5E39320054B45C /* ViewController.m */,
				C4FB7F7E1A5E39320054B45C /* Main.storyboard */,
				C4FB7F811A5E39320054B45C /* Images.xcassets */,
				C4FB7F831A5E39320054B45C /* LaunchScreen.xib */,
				C4FB7F741A5E39320054B45C /* Supporting Files */,
			);
			path = StudentAlarmClock;
			sourceTree = "<group>";
		};
		C4FB7F741A5E39320054B45C /* Supporting Files */ = {
			isa = PBXGroup;
			children = (
				C4FB7F751A5E39320054B45C /* Info.plist */,
				C4FB7F761A5E39320054B45C /* main.m */,
			);
			name = "Supporting Files";
			sourceTree = "<group>";
		};
		C4FB7F8D1A5E39320054B45C /* StudentAlarmClockTests */ = {
			isa = PBXGroup;
			children = (
				C4FB7F901A5E39320054B45C /* StudentAlarmClockTests.m */,
				C4FB7F8E1A5E39320054B45C /* Supporting Files */,
			);
			path = StudentAlarmClockTests;
			sourceTree = "<group>";
		};
		C4FB7F8E1A5E39320054B45C /* Supporting Files */ = {
			isa = PBXGroup;
			children = (
				C4FB7F8F1A5E39320054B45C /* Info.plist */,
			);
			name = "Supporting Files";
			sourceTree = "<group>";
		};
/* End PBXGroup section */

/* Begin PBXNativeTarget section */
		C4FB7F701A5E39320054B45C /* StudentAlarmClock */ = {
			isa = PBXNativeTarget;
			buildConfigurationList = C4FB7F941A5E39320054B45C /* Build configuration list for PBXNativeTarget "StudentAlarmClock" */;
			buildPhases = (
				C4FB7F6D1A5E39320054B45C /* Sources */,
				C4FB7F6E1A5E39320054B45C /* Frameworks */,
				C4FB7F6F1A5E39320054B45C /* Resources */,
			);
			buildRules = (
			);
			dependencies = (
			);
			name = StudentAlarmClock;
			productName = StudentAlarmClock;
			productReference = C4FB7F711A5E39320054B45C /* StudentAlarmClock.app */;
			productType = "com.apple.product-type.application";
		};
		C4FB7F891A5E39320054B45C /* StudentAlarmClockTests */ = {
			isa = PBXNativeTarget;
			buildConfigurationList = C4FB7F971A5E39320054B45C /* Build configuration list for PBXNativeTarget "StudentAlarmClockTests" */;
			buildPhases = (
				C4FB7F861A5E39320054B45C /* Sources */,
				C4FB7F871A5E39320054B45C /* Frameworks */,
				C4FB7F881A5E39320054B45C /* Resources */,
			);
			buildRules = (
			);
			dependencies = (
				C4FB7F8C1A5E39320054B45C /* PBXTargetDependency */,
			);
			name = StudentAlarmClockTests;
			productName = StudentAlarmClockTests;
			productReference = C4FB7F8A1A5E39320054B45C /* StudentAlarmClockTests.xctest */;
			productType = "com.apple.product-type.bundle.unit-test";
		};
/* End PBXNativeTarget section */

/* Begin PBXProject section */
		C4FB7F691A5E39310054B45C /* Project object */ = {
			isa = PBXProject;
			attributes = {
				LastUpgradeCheck = 0610;
				ORGANIZATIONNAME = "Bo Guan";
				TargetAttributes = {
					C4FB7F701A5E39320054B45C = {
						CreatedOnToolsVersion = 6.1.1;
					};
					C4FB7F891A5E39320054B45C = {
						CreatedOnToolsVersion = 6.1.1;
						TestTargetID = C4FB7F701A5E39320054B45C;
					};
				};
			};
			buildConfigurationList = C4FB7F6C1A5E39320054B45C /* Build configuration list for PBXProject "StudentAlarmClock" */;
			compatibilityVersion = "Xcode 3.2";
			developmentRegion = English;
			hasScannedForEncodings = 0;
			knownRegions = (
				en,
				Base,
			);
			mainGroup = C4FB7F681A5E39310054B45C;
			productRefGroup = C4FB7F721A5E39320054B45C /* Products */;
			projectDirPath = "";
			projectRoot = "";
			targets = (
				C4FB7F701A5E39320054B45C /* StudentAlarmClock */,
				C4FB7F891A5E39320054B45C /* StudentAlarmClockTests */,
			);
		};
/* End PBXProject section */

/* Begin PBXResourcesBuildPhase section */
		C4FB7F6F1A5E39320054B45C /* Resources */ = {
			isa = PBXResourcesBuildPhase;
			buildActionMask = 2147483647;
			files = (
				C4FB7F801A5E39320054B45C /* Main.storyboard in Resources */,
				C4FB7F851A5E39320054B45C /* LaunchScreen.xib in Resources */,
				C4FB7F821A5E39320054B45C /* Images.xcassets in Resources */,
			);
			runOnlyForDeploymentPostprocessing = 0;
		};
		C4FB7F881A5E39320054B45C /* Resources */ = {
			isa = PBXResourcesBuildPhase;
			buildActionMask = 2147483647;
			files = (
			);
			runOnlyForDeploymentPostprocessing = 0;
		};
/* End PBXResourcesBuildPhase section */

/* Begin PBXSourcesBuildPhase section */
		C4FB7F6D1A5E39320054B45C /* Sources */ = {
			isa = PBXSourcesBuildPhase;
			buildActionMask = 2147483647;
			files = (
				C4FB7F7D1A5E39320054B45C /* ViewController.m in Sources */,
				C4FB7F7A1A5E39320054B45C /* AppDelegate.m in Sources */,
				C4FB7F771A5E39320054B45C /* main.m in Sources */,
			);
			runOnlyForDeploymentPostprocessing = 0;
		};
		C4FB7F861A5E39320054B45C /* Sources */ = {
			isa = PBXSourcesBuildPhase;
			buildActionMask = 2147483647;
			files = (
				C4FB7F911A5E39320054B45C /* StudentAlarmClockTests.m in Sources */,
			);
			runOnlyForDeploymentPostprocessing = 0;
		};
/* End PBXSourcesBuildPhase section */

/* Begin PBXTargetDependency section */
		C4FB7F8C1A5E39320054B45C /* PBXTargetDependency */ = {
			isa = PBXTargetDependency;
			target = C4FB7F701A5E39320054B45C /* StudentAlarmClock */;
			targetProxy = C4FB7F8B1A5E39320054B45C /* PBXContainerItemProxy */;
		};
/* End PBXTargetDependency section */

/* Begin PBXVariantGroup section */
		C4FB7F7E1A5E39320054B45C /* Main.storyboard */ = {
			isa = PBXVariantGroup;
			children = (
				C4FB7F7F1A5E39320054B45C /* Base */,
			);
			name = Main.storyboard;
			sourceTree = "<group>";
		};
		C4FB7F831A5E39320054B45C /* LaunchScreen.xib */ = {
			isa = PBXVariantGroup;
			children = (
				C4FB7F841A5E39320054B45C /* Base */,
			);
			name = LaunchScreen.xib;
			sourceTree = "<group>";
		};
/* End PBXVariantGroup section */

/* Begin XCBuildConfiguration section */
		C4FB7F921A5E39320054B45C /* Debug */ = {
			isa = XCBuildConfiguration;
			buildSettings = {
				ALWAYS_SEARCH_USER_PATHS = NO;
				CLANG_CXX_LANGUAGE_STANDARD = "gnu++0x";
				CLANG_CXX_LIBRARY = "libc++";
				CLANG_ENABLE_MODULES = YES;
				CLANG_ENABLE_OBJC_ARC = YES;
				CLANG_WARN_BOOL_CONVERSION = YES;
				CLANG_WARN_CONSTANT_CONVERSION = YES;
				CLANG_WARN_DIRECT_OBJC_ISA_USAGE = YES_ERROR;
				CLANG_WARN_EMPTY_BODY = YES;
				CLANG_WARN_ENUM_CONVERSION = YES;
				CLANG_WARN_INT_CONVERSION = YES;
				CLANG_WARN_OBJC_ROOT_CLASS = YES_ERROR;
				CLANG_WARN_UNREACHABLE_CODE = YES;
				CLANG_WARN__DUPLICATE_METHOD_MATCH = YES;
				"CODE_SIGN_IDENTITY[sdk=iphoneos*]" = "iPhone Developer";
				COPY_PHASE_STRIP = NO;
				ENABLE_STRICT_OBJC_MSGSEND = YES;
				GCC_C_LANGUAGE_STANDARD = gnu99;
				GCC_DYNAMIC_NO_PIC = NO;
				GCC_OPTIMIZATION_LEVEL = 0;
				GCC_PREPROCESSOR_DEFINITIONS = (
					"DEBUG=1",
					"$(inherited)",
				);
				GCC_SYMBOLS_PRIVATE_EXTERN = NO;
				GCC_WARN_64_TO_32_BIT_CONVERSION = YES;
				GCC_WARN_ABOUT_RETURN_TYPE = YES_ERROR;
				GCC_WARN_UNDECLARED_SELECTOR = YES;
				GCC_WARN_UNINITIALIZED_AUTOS = YES_AGGRESSIVE;
				GCC_WARN_UNUSED_FUNCTION = YES;
				GCC_WARN_UNUSED_VARIABLE = YES;
				IPHONEOS_DEPLOYMENT_TARGET = 8.1;
				MTL_ENABLE_DEBUG_INFO = YES;
				ONLY_ACTIVE_ARCH = YES;
				SDKROOT = iphoneos;
			};
			name = Debug;
		};
		C4FB7F931A5E39320054B45C /* Release */ = {
			isa = XCBuildConfiguration;
			buildSettings = {
				ALWAYS_SEARCH_USER_PATHS = NO;
				CLANG_CXX_LANGUAGE_STANDARD = "gnu++0x";
				CLANG_CXX_LIBRARY = "libc++";
				CLANG_ENABLE_MODULES = YES;
				CLANG_ENABLE_OBJC_ARC = YES;
				CLANG_WARN_BOOL_CONVERSION = YES;
				CLANG_WARN_CONSTANT_CONVERSION = YES;
				CLANG_WARN_DIRECT_OBJC_ISA_USAGE = YES_ERROR;
				CLANG_WARN_EMPTY_BODY = YES;
				CLANG_WARN_ENUM_CONVERSION = YES;
				CLANG_WARN_INT_CONVERSION = YES;
				CLANG_WARN_OBJC_ROOT_CLASS = YES_ERROR;
				CLANG_WARN_UNREACHABLE_CODE = YES;
				CLANG_WARN__DUPLICATE_METHOD_MATCH = YES;
				"CODE_SIGN_IDENTITY[sdk=iphoneos*]" = "iPhone Developer";
				COPY_PHASE_STRIP = YES;
				ENABLE_NS_ASSERTIONS = NO;
				ENABLE_STRICT_OBJC_MSGSEND = YES;
				GCC_C_LANGUAGE_STANDARD = gnu99;
				GCC_WARN_64_TO_32_BIT_CONVERSION = YES;
				GCC_WARN_ABOUT_RETURN_TYPE = YES_ERROR;
				GCC_WARN_UNDECLARED_SELECTOR = YES;
				GCC_WARN_UNINITIALIZED_AUTOS = YES_AGGRESSIVE;
				GCC_WARN_UNUSED_FUNCTION = YES;
				GCC_WARN_UNUSED_VARIABLE = YES;
				IPHONEOS_DEPLOYMENT_TARGET = 8.1;
				MTL_ENABLE_DEBUG_INFO = NO;
				SDKROOT = iphoneos;
				VALIDATE_PRODUCT = YES;
			};
			name = Release;
		};
		C4FB7F951A5E39320054B45C /* Debug */ = {
			isa = XCBuildConfiguration;
			buildSettings = {
				ASSETCATALOG_COMPILER_APPICON_NAME = AppIcon;
				INFOPLIST_FILE = StudentAlarmClock/Info.plist;
				LD_RUNPATH_SEARCH_PATHS = "$(inherited) @executable_path/Frameworks";
				PRODUCT_NAME = "$(TARGET_NAME)";
			};
			name = Debug;
		};
		C4FB7F961A5E39320054B45C /* Release */ = {
			isa = XCBuildConfiguration;
			buildSettings = {
				ASSETCATALOG_COMPILER_APPICON_NAME = AppIcon;
				INFOPLIST_FILE = StudentAlarmClock/Info.plist;
				LD_RUNPATH_SEARCH_PATHS = "$(inherited) @executable_path/Frameworks";
				PRODUCT_NAME = "$(TARGET_NAME)";
			};
			name = Release;
		};
		C4FB7F981A5E39320054B45C /* Debug */ = {
			isa = XCBuildConfiguration;
			buildSettings = {
				BUNDLE_LOADER = "$(TEST_HOST)";
				FRAMEWORK_SEARCH_PATHS = (
					"$(SDKROOT)/Developer/Library/Frameworks",
					"$(inherited)",
				);
				GCC_PREPROCESSOR_DEFINITIONS = (
					"DEBUG=1",
					"$(inherited)",
				);
				INFOPLIST_FILE = StudentAlarmClockTests/Info.plist;
				LD_RUNPATH_SEARCH_PATHS = "$(inherited) @executable_path/Frameworks @loader_path/Frameworks";
				PRODUCT_NAME = "$(TARGET_NAME)";
				TEST_HOST = "$(BUILT_PRODUCTS_DIR)/StudentAlarmClock.app/StudentAlarmClock";
			};
			name = Debug;
		};
		C4FB7F991A5E39320054B45C /* Release */ = {
			isa = XCBuildConfiguration;
			buildSettings = {
				BUNDLE_LOADER = "$(TEST_HOST)";
				FRAMEWORK_SEARCH_PATHS = (
					"$(SDKROOT)/Developer/Library/Frameworks",
					"$(inherited)",
				);
				INFOPLIST_FILE = StudentAlarmClockTests/Info.plist;
				LD_RUNPATH_SEARCH_PATHS = "$(inherited) @executable_path/Frameworks @loader_path/Frameworks";
				PRODUCT_NAME = "$(TARGET_NAME)";
				TEST_HOST = "$(BUILT_PRODUCTS_DIR)/StudentAlarmClock.app/StudentAlarmClock";
			};
			name = Release;
		};
/* End XCBuildConfiguration section */

/* Begin XCConfigurationList section */
		C4FB7F6C1A5E39320054B45C /* Build configuration list for PBXProject "StudentAlarmClock" */ = {
			isa = XCConfigurationList;
			buildConfigurations = (
				C4FB7F921A5E39320054B45C /* Debug */,
				C4FB7F931A5E39320054B45C /* Release */,
			);
			defaultConfigurationIsVisible = 0;
			defaultConfigurationName = Release;
		};
		C4FB7F941A5E39320054B45C /* Build configuration list for PBXNativeTarget "StudentAlarmClock" */ = {
			isa = XCConfigurationList;
			buildConfigurations = (
				C4FB7F951A5E39320054B45C /* Debug */,
				C4FB7F961A5E39320054B45C /* Release */,
			);
			defaultConfigurationIsVisible = 0;
		};
		C4FB7F971A5E39320054B45C /* Build configuration list for PBXNativeTarget "StudentAlarmClockTests" */ = {
			isa = XCConfigurationList;
			buildConfigurations = (
				C4FB7F981A5E39320054B45C /* Debug */,
				C4FB7F991A5E39320054B45C /* Release */,
			);
			defaultConfigurationIsVisible = 0;
		};
/* End XCConfigurationList section */
	};
	rootObject = C4FB7F691A5E39310054B45C /* Project object */;
}
